// !$*UTF8*$!
{
	archiveVersion = 1;
	classes = {
	};
	objectVersion = 50;
	objects = {

/* Begin PBXBuildFile section */
		6C436AF424BD582500F8714A /* AppDelegate.m in Sources */ = {isa = PBXBuildFile; fileRef = 6C436AF324BD582500F8714A /* AppDelegate.m */; };
		6C436AF724BD582500F8714A /* SceneDelegate.m in Sources */ = {isa = PBXBuildFile; fileRef = 6C436AF624BD582500F8714A /* SceneDelegate.m */; };
		6C436AFA24BD582500F8714A /* ViewController.m in Sources */ = {isa = PBXBuildFile; fileRef = 6C436AF924BD582500F8714A /* ViewController.m */; };
		6C436AFD24BD582500F8714A /* Main.storyboard in Resources */ = {isa = PBXBuildFile; fileRef = 6C436AFB24BD582500F8714A /* Main.storyboard */; };
		6C436AFF24BD582700F8714A /* Assets.xcassets in Resources */ = {isa = PBXBuildFile; fileRef = 6C436AFE24BD582700F8714A /* Assets.xcassets */; };
		6C436B0224BD582700F8714A /* LaunchScreen.storyboard in Resources */ = {isa = PBXBuildFile; fileRef = 6C436B0024BD582700F8714A /* LaunchScreen.storyboard */; };
		6C436B0524BD582700F8714A /* main.m in Sources */ = {isa = PBXBuildFile; fileRef = 6C436B0424BD582700F8714A /* main.m */; };
		6C436B0F24BD582700F8714A /* UIScrollView__Tests.m in Sources */ = {isa = PBXBuildFile; fileRef = 6C436B0E24BD582700F8714A /* UIScrollView__Tests.m */; };
		6C436B1A24BD582700F8714A /* UIScrollView__UITests.m in Sources */ = {isa = PBXBuildFile; fileRef = 6C436B1924BD582700F8714A /* UIScrollView__UITests.m */; };
		6C436B6924BD67DD00F8714A /* 1.jpg in Resources */ = {isa = PBXBuildFile; fileRef = 6C436B6824BD67DD00F8714A /* 1.jpg */; };
		6C436B6B24BD67EB00F8714A /* 2.jpg in Resources */ = {isa = PBXBuildFile; fileRef = 6C436B6A24BD67EB00F8714A /* 2.jpg */; };
		6C436B6D24BD67F100F8714A /* 3.jpg in Resources */ = {isa = PBXBuildFile; fileRef = 6C436B6C24BD67F100F8714A /* 3.jpg */; };
		6C436B6F24BD67F600F8714A /* 4.jpg in Resources */ = {isa = PBXBuildFile; fileRef = 6C436B6E24BD67F600F8714A /* 4.jpg */; };
/* End PBXBuildFile section */

/* Begin PBXContainerItemProxy section */
		6C436B0B24BD582700F8714A /* PBXContainerItemProxy */ = {
			isa = PBXContainerItemProxy;
			containerPortal = 6C436AE724BD582500F8714A /* Project object */;
			proxyType = 1;
			remoteGlobalIDString = 6C436AEE24BD582500F8714A;
			remoteInfo = "UIScrollView高级";
		};
		6C436B1624BD582700F8714A /* PBXContainerItemProxy */ = {
			isa = PBXContainerItemProxy;
			containerPortal = 6C436AE724BD582500F8714A /* Project object */;
			proxyType = 1;
			remoteGlobalIDString = 6C436AEE24BD582500F8714A;
			remoteInfo = "UIScrollView高级";
		};
/* End PBXContainerItemProxy section */

/* Begin PBXFileReference section */
		6C436AEF24BD582500F8714A /* UIScrollView高级.app */ = {isa = PBXFileReference; explicitFileType = wrapper.application; includeInIndex = 0; path = "UIScrollView高级.app"; sourceTree = BUILT_PRODUCTS_DIR; };
		6C436AF224BD582500F8714A /* AppDelegate.h */ = {isa = PBXFileReference; lastKnownFileType = sourcecode.c.h; path = AppDelegate.h; sourceTree = "<group>"; };
		6C436AF324BD582500F8714A /* AppDelegate.m */ = {isa = PBXFileReference; lastKnownFileType = sourcecode.c.objc; path = AppDelegate.m; sourceTree = "<group>"; };
		6C436AF524BD582500F8714A /* SceneDelegate.h */ = {isa = PBXFileReference; lastKnownFileType = sourcecode.c.h; path = SceneDelegate.h; sourceTree = "<group>"; };
		6C436AF624BD582500F8714A /* SceneDelegate.m */ = {isa = PBXFileReference; lastKnownFileType = sourcecode.c.objc; path = SceneDelegate.m; sourceTree = "<group>"; };
		6C436AF824BD582500F8714A /* ViewController.h */ = {isa = PBXFileReference; lastKnownFileType = sourcecode.c.h; path = ViewController.h; sourceTree = "<group>"; };
		6C436AF924BD582500F8714A /* ViewController.m */ = {isa = PBXFileReference; lastKnownFileType = sourcecode.c.objc; path = ViewController.m; sourceTree = "<group>"; };
		6C436AFC24BD582500F8714A /* Base */ = {isa = PBXFileReference; lastKnownFileType = file.storyboard; name = Base; path = Base.lproj/Main.storyboard; sourceTree = "<group>"; };
		6C436AFE24BD582700F8714A /* Assets.xcassets */ = {isa = PBXFileReference; lastKnownFileType = folder.assetcatalog; path = Assets.xcassets; sourceTree = "<group>"; };
		6C436B0124BD582700F8714A /* Base */ = {isa = PBXFileReference; lastKnownFileType = file.storyboard; name = Base; path = Base.lproj/LaunchScreen.storyboard; sourceTree = "<group>"; };
		6C436B0324BD582700F8714A /* Info.plist */ = {isa = PBXFileReference; lastKnownFileType = text.plist.xml; path = Info.plist; sourceTree = "<group>"; };
		6C436B0424BD582700F8714A /* main.m */ = {isa = PBXFileReference; lastKnownFileType = sourcecode.c.objc; path = main.m; sourceTree = "<group>"; };
		6C436B0A24BD582700F8714A /* UIScrollView高级Tests.xctest */ = {isa = PBXFileReference; explicitFileType = wrapper.cfbundle; includeInIndex = 0; path = "UIScrollView高级Tests.xctest"; sourceTree = BUILT_PRODUCTS_DIR; };
		6C436B0E24BD582700F8714A /* UIScrollView__Tests.m */ = {isa = PBXFileReference; lastKnownFileType = sourcecode.c.objc; path = UIScrollView__Tests.m; sourceTree = "<group>"; };
		6C436B1024BD582700F8714A /* Info.plist */ = {isa = PBXFileReference; lastKnownFileType = text.plist.xml; path = Info.plist; sourceTree = "<group>"; };
		6C436B1524BD582700F8714A /* UIScrollView高级UITests.xctest */ = {isa = PBXFileReference; explicitFileType = wrapper.cfbundle; includeInIndex = 0; path = "UIScrollView高级UITests.xctest"; sourceTree = BUILT_PRODUCTS_DIR; };
		6C436B1924BD582700F8714A /* UIScrollView__UITests.m */ = {isa = PBXFileReference; lastKnownFileType = sourcecode.c.objc; path = UIScrollView__UITests.m; sourceTree = "<group>"; };
		6C436B1B24BD582700F8714A /* Info.plist */ = {isa = PBXFileReference; lastKnownFileType = text.plist.xml; path = Info.plist; sourceTree = "<group>"; };
		6C436B6824BD67DD00F8714A /* 1.jpg */ = {isa = PBXFileReference; lastKnownFileType = image.jpeg; name = 1.jpg; path = ../../1.jpg; sourceTree = "<group>"; };
		6C436B6A24BD67EB00F8714A /* 2.jpg */ = {isa = PBXFileReference; lastKnownFileType = image.jpeg; name = 2.jpg; path = ../../2.jpg; sourceTree = "<group>"; };
		6C436B6C24BD67F100F8714A /* 3.jpg */ = {isa = PBXFileReference; lastKnownFileType = image.jpeg; name = 3.jpg; path = ../../3.jpg; sourceTree = "<group>"; };
		6C436B6E24BD67F600F8714A /* 4.jpg */ = {isa = PBXFileReference; lastKnownFileType = image.jpeg; name = 4.jpg; path = ../../4.jpg; sourceTree = "<group>"; };
/* End PBXFileReference section */

/* Begin PBXFrameworksBuildPhase section */
		6C436AEC24BD582500F8714A /* Frameworks */ = {
			isa = PBXFrameworksBuildPhase;
			buildActionMask = 2147483647;
			files = (
			);
			runOnlyForDeploymentPostprocessing = 0;
		};
		6C436B0724BD582700F8714A /* Frameworks */ = {
			isa = PBXFrameworksBuildPhase;
			buildActionMask = 2147483647;
			files = (
			);
			runOnlyForDeploymentPostprocessing = 0;
		};
		6C436B1224BD582700F8714A /* Frameworks */ = {
			isa = PBXFrameworksBuildPhase;
			buildActionMask = 2147483647;
			files = (
			);
			runOnlyForDeploymentPostprocessing = 0;
		};
/* End PBXFrameworksBuildPhase section */

/* Begin PBXGroup section */
		6C436AE624BD582500F8714A = {
			isa = PBXGroup;
			children = (
				6C436B6E24BD67F600F8714A /* 4.jpg */,
				6C436B6C24BD67F100F8714A /* 3.jpg */,
				6C436B6A24BD67EB00F8714A /* 2.jpg */,
				6C436B6824BD67DD00F8714A /* 1.jpg */,
				6C436AF124BD582500F8714A /* UIScrollView高级 */,
				6C436B0D24BD582700F8714A /* UIScrollView高级Tests */,
				6C436B1824BD582700F8714A /* UIScrollView高级UITests */,
				6C436AF024BD582500F8714A /* Products */,
			);
			sourceTree = "<group>";
		};
		6C436AF024BD582500F8714A /* Products */ = {
			isa = PBXGroup;
			children = (
				6C436AEF24BD582500F8714A /* UIScrollView高级.app */,
				6C436B0A24BD582700F8714A /* UIScrollView高级Tests.xctest */,
				6C436B1524BD582700F8714A /* UIScrollView高级UITests.xctest */,
			);
			name = Products;
			sourceTree = "<group>";
		};
		6C436AF124BD582500F8714A /* UIScrollView高级 */ = {
			isa = PBXGroup;
			children = (
				6C436AF224BD582500F8714A /* AppDelegate.h */,
				6C436AF324BD582500F8714A /* AppDelegate.m */,
				6C436AF524BD582500F8714A /* SceneDelegate.h */,
				6C436AF624BD582500F8714A /* SceneDelegate.m */,
				6C436AF824BD582500F8714A /* ViewController.h */,
				6C436AF924BD582500F8714A /* ViewController.m */,
				6C436AFB24BD582500F8714A /* Main.storyboard */,
				6C436AFE24BD582700F8714A /* Assets.xcassets */,
				6C436B0024BD582700F8714A /* LaunchScreen.storyboard */,
				6C436B0324BD582700F8714A /* Info.plist */,
				6C436B0424BD582700F8714A /* main.m */,
			);
			path = "UIScrollView高级";
			sourceTree = "<group>";
		};
		6C436B0D24BD582700F8714A /* UIScrollView高级Tests */ = {
			isa = PBXGroup;
			children = (
				6C436B0E24BD582700F8714A /* UIScrollView__Tests.m */,
				6C436B1024BD582700F8714A /* Info.plist */,
			);
			path = "UIScrollView高级Tests";
			sourceTree = "<group>";
		};
		6C436B1824BD582700F8714A /* UIScrollView高级UITests */ = {
			isa = PBXGroup;
			children = (
				6C436B1924BD582700F8714A /* UIScrollView__UITests.m */,
				6C436B1B24BD582700F8714A /* Info.plist */,
			);
			path = "UIScrollView高级UITests";
			sourceTree = "<group>";
		};
/* End PBXGroup section */

/* Begin PBXNativeTarget section */
		6C436AEE24BD582500F8714A /* UIScrollView高级 */ = {
			isa = PBXNativeTarget;
			buildConfigurationList = 6C436B1E24BD582700F8714A /* Build configuration list for PBXNativeTarget "UIScrollView高级" */;
			buildPhases = (
				6C436AEB24BD582500F8714A /* Sources */,
				6C436AEC24BD582500F8714A /* Frameworks */,
				6C436AED24BD582500F8714A /* Resources */,
			);
			buildRules = (
			);
			dependencies = (
			);
			name = "UIScrollView高级";
			productName = "UIScrollView高级";
			productReference = 6C436AEF24BD582500F8714A /* UIScrollView高级.app */;
			productType = "com.apple.product-type.application";
		};
		6C436B0924BD582700F8714A /* UIScrollView高级Tests */ = {
			isa = PBXNativeTarget;
			buildConfigurationList = 6C436B2124BD582700F8714A /* Build configuration list for PBXNativeTarget "UIScrollView高级Tests" */;
			buildPhases = (
				6C436B0624BD582700F8714A /* Sources */,
				6C436B0724BD582700F8714A /* Frameworks */,
				6C436B0824BD582700F8714A /* Resources */,
			);
			buildRules = (
			);
			dependencies = (
				6C436B0C24BD582700F8714A /* PBXTargetDependency */,
			);
			name = "UIScrollView高级Tests";
			productName = "UIScrollView高级Tests";
			productReference = 6C436B0A24BD582700F8714A /* UIScrollView高级Tests.xctest */;
			productType = "com.apple.product-type.bundle.unit-test";
		};
		6C436B1424BD582700F8714A /* UIScrollView高级UITests */ = {
			isa = PBXNativeTarget;
			buildConfigurationList = 6C436B2424BD582700F8714A /* Build configuration list for PBXNativeTarget "UIScrollView高级UITests" */;
			buildPhases = (
				6C436B1124BD582700F8714A /* Sources */,
				6C436B1224BD582700F8714A /* Frameworks */,
				6C436B1324BD582700F8714A /* Resources */,
			);
			buildRules = (
			);
			dependencies = (
				6C436B1724BD582700F8714A /* PBXTargetDependency */,
			);
			name = "UIScrollView高级UITests";
			productName = "UIScrollView高级UITests";
			productReference = 6C436B1524BD582700F8714A /* UIScrollView高级UITests.xctest */;
			productType = "com.apple.product-type.bundle.ui-testing";
		};
/* End PBXNativeTarget section */

/* Begin PBXProject section */
		6C436AE724BD582500F8714A /* Project object */ = {
			isa = PBXProject;
			attributes = {
				LastUpgradeCheck = 1150;
				ORGANIZATIONNAME = "房彤";
				TargetAttributes = {
					6C436AEE24BD582500F8714A = {
						CreatedOnToolsVersion = 11.5;
					};
					6C436B0924BD582700F8714A = {
						CreatedOnToolsVersion = 11.5;
						TestTargetID = 6C436AEE24BD582500F8714A;
					};
					6C436B1424BD582700F8714A = {
						CreatedOnToolsVersion = 11.5;
						TestTargetID = 6C436AEE24BD582500F8714A;
					};
				};
			};
			buildConfigurationList = 6C436AEA24BD582500F8714A /* Build configuration list for PBXProject "UIScrollView高级" */;
			compatibilityVersion = "Xcode 9.3";
			developmentRegion = en;
			hasScannedForEncodings = 0;
			knownRegions = (
				en,
				Base,
			);
			mainGroup = 6C436AE624BD582500F8714A;
			productRefGroup = 6C436AF024BD582500F8714A /* Products */;
			projectDirPath = "";
			projectRoot = "";
			targets = (
				6C436AEE24BD582500F8714A /* UIScrollView高级 */,
				6C436B0924BD582700F8714A /* UIScrollView高级Tests */,
				6C436B1424BD582700F8714A /* UIScrollView高级UITests */,
			);
		};
/* End PBXProject section */

/* Begin PBXResourcesBuildPhase section */
		6C436AED24BD582500F8714A /* Resources */ = {
			isa = PBXResourcesBuildPhase;
			buildActionMask = 2147483647;
			files = (
				6C436B0224BD582700F8714A /* LaunchScreen.storyboard in Resources */,
				6C436B6F24BD67F600F8714A /* 4.jpg in Resources */,
				6C436B6924BD67DD00F8714A /* 1.jpg in Resources */,
				6C436B6B24BD67EB00F8714A /* 2.jpg in Resources */,
				6C436B6D24BD67F100F8714A /* 3.jpg in Resources */,
				6C436AFF24BD582700F8714A /* Assets.xcassets in Resources */,
				6C436AFD24BD582500F8714A /* Main.storyboard in Resources */,
			);
			runOnlyForDeploymentPostprocessing = 0;
		};
		6C436B0824BD582700F8714A /* Resources */ = {
			isa = PBXResourcesBuildPhase;
			buildActionMask = 2147483647;
			files = (
			);
			runOnlyForDeploymentPostprocessing = 0;
		};
		6C436B1324BD582700F8714A /* Resources */ = {
			isa = PBXResourcesBuildPhase;
			buildActionMask = 2147483647;
			files = (
			);
			runOnlyForDeploymentPostprocessing = 0;
		};
/* End PBXResourcesBuildPhase section */

/* Begin PBXSourcesBuildPhase section */
		6C436AEB24BD582500F8714A /* Sources */ = {
			isa = PBXSourcesBuildPhase;
			buildActionMask = 2147483647;
			files = (
				6C436AFA24BD582500F8714A /* ViewController.m in Sources */,
				6C436AF424BD582500F8714A /* AppDelegate.m in Sources */,
				6C436B0524BD582700F8714A /* main.m in Sources */,
				6C436AF724BD582500F8714A /* SceneDelegate.m in Sources */,
			);
			runOnlyForDeploymentPostprocessing = 0;
		};
		6C436B0624BD582700F8714A /* Sources */ = {
			isa = PBXSourcesBuildPhase;
			buildActionMask = 2147483647;
			files = (
				6C436B0F24BD582700F8714A /* UIScrollView__Tests.m in Sources */,
			);
			runOnlyForDeploymentPostprocessing = 0;
		};
		6C436B1124BD582700F8714A /* Sources */ = {
			isa = PBXSourcesBuildPhase;
			buildActionMask = 2147483647;
			files = (
				6C436B1A24BD582700F8714A /* UIScrollView__UITests.m in Sources */,
			);
			runOnlyForDeploymentPostprocessing = 0;
		};
/* End PBXSourcesBuildPhase section */

/* Begin PBXTargetDependency section */
		6C436B0C24BD582700F8714A /* PBXTargetDependency */ = {
			isa = PBXTargetDependency;
			target = 6C436AEE24BD582500F8714A /* UIScrollView高级 */;
			targetProxy = 6C436B0B24BD582700F8714A /* PBXContainerItemProxy */;
		};
		6C436B1724BD582700F8714A /* PBXTargetDependency */ = {
			isa = PBXTargetDependency;
			target = 6C436AEE24BD582500F8714A /* UIScrollView高级 */;
			targetProxy = 6C436B1624BD582700F8714A /* PBXContainerItemProxy */;
		};
/* End PBXTargetDependency section */

/* Begin PBXVariantGroup section */
		6C436AFB24BD582500F8714A /* Main.storyboard */ = {
			isa = PBXVariantGroup;
			children = (
				6C436AFC24BD582500F8714A /* Base */,
			);
			name = Main.storyboard;
			sourceTree = "<group>";
		};
		6C436B0024BD582700F8714A /* LaunchScreen.storyboard */ = {
			isa = PBXVariantGroup;
			children = (
				6C436B0124BD582700F8714A /* Base */,
			);
			name = LaunchScreen.storyboard;
			sourceTree = "<group>";
		};
/* End PBXVariantGroup section */

/* Begin XCBuildConfiguration section */
		6C436B1C24BD582700F8714A /* Debug */ = {
			isa = XCBuildConfiguration;
			buildSettings = {
				ALWAYS_SEARCH_USER_PATHS = NO;
				CLANG_ANALYZER_NONNULL = YES;
				CLANG_ANALYZER_NUMBER_OBJECT_CONVERSION = YES_AGGRESSIVE;
				CLANG_CXX_LANGUAGE_STANDARD = "gnu++14";
				CLANG_CXX_LIBRARY = "libc++";
				CLANG_ENABLE_MODULES = YES;
				CLANG_ENABLE_OBJC_ARC = YES;
				CLANG_ENABLE_OBJC_WEAK = YES;
				CLANG_WARN_BLOCK_CAPTURE_AUTORELEASING = YES;
				CLANG_WARN_BOOL_CONVERSION = YES;
				CLANG_WARN_COMMA = YES;
				CLANG_WARN_CONSTANT_CONVERSION = YES;
				CLANG_WARN_DEPRECATED_OBJC_IMPLEMENTATIONS = YES;
				CLANG_WARN_DIRECT_OBJC_ISA_USAGE = YES_ERROR;
				CLANG_WARN_DOCUMENTATION_COMMENTS = YES;
				CLANG_WARN_EMPTY_BODY = YES;
				CLANG_WARN_ENUM_CONVERSION = YES;
				CLANG_WARN_INFINITE_RECURSION = YES;
				CLANG_WARN_INT_CONVERSION = YES;
				CLANG_WARN_NON_LITERAL_NULL_CONVERSION = YES;
				CLANG_WARN_OBJC_IMPLICIT_RETAIN_SELF = YES;
				CLANG_WARN_OBJC_LITERAL_CONVERSION = YES;
				CLANG_WARN_OBJC_ROOT_CLASS = YES_ERROR;
				CLANG_WARN_RANGE_LOOP_ANALYSIS = YES;
				CLANG_WARN_STRICT_PROTOTYPES = YES;
				CLANG_WARN_SUSPICIOUS_MOVE = YES;
				CLANG_WARN_UNGUARDED_AVAILABILITY = YES_AGGRESSIVE;
				CLANG_WARN_UNREACHABLE_CODE = YES;
				CLANG_WARN__DUPLICATE_METHOD_MATCH = YES;
				COPY_PHASE_STRIP = NO;
				DEBUG_INFORMATION_FORMAT = dwarf;
				ENABLE_STRICT_OBJC_MSGSEND = YES;
				ENABLE_TESTABILITY = YES;
				GCC_C_LANGUAGE_STANDARD = gnu11;
				GCC_DYNAMIC_NO_PIC = NO;
				GCC_NO_COMMON_BLOCKS = YES;
				GCC_OPTIMIZATION_LEVEL = 0;
				GCC_PREPROCESSOR_DEFINITIONS = (
					"DEBUG=1",
					"$(inherited)",
				);
				GCC_WARN_64_TO_32_BIT_CONVERSION = YES;
				GCC_WARN_ABOUT_RETURN_TYPE = YES_ERROR;
				GCC_WARN_UNDECLARED_SELECTOR = YES;
				GCC_WARN_UNINITIALIZED_AUTOS = YES_AGGRESSIVE;
				GCC_WARN_UNUSED_FUNCTION = YES;
				GCC_WARN_UNUSED_VARIABLE = YES;
				IPHONEOS_DEPLOYMENT_TARGET = 13.5;
				MTL_ENABLE_DEBUG_INFO = INCLUDE_SOURCE;
				MTL_FAST_MATH = YES;
				ONLY_ACTIVE_ARCH = YES;
				SDKROOT = iphoneos;
			};
			name = Debug;
		};
		6C436B1D24BD582700F8714A /* Release */ = {
			isa = XCBuildConfiguration;
			buildSettings = {
				ALWAYS_SEARCH_USER_PATHS = NO;
				CLANG_ANALYZER_NONNULL = YES;
				CLANG_ANALYZER_NUMBER_OBJECT_CONVERSION = YES_AGGRESSIVE;
				CLANG_CXX_LANGUAGE_STANDARD = "gnu++14";
				CLANG_CXX_LIBRARY = "libc++";
				CLANG_ENABLE_MODULES = YES;
				CLANG_ENABLE_OBJC_ARC = YES;
				CLANG_ENABLE_OBJC_WEAK = YES;
				CLANG_WARN_BLOCK_CAPTURE_AUTORELEASING = YES;
				CLANG_WARN_BOOL_CONVERSION = YES;
				CLANG_WARN_COMMA = YES;
				CLANG_WARN_CONSTANT_CONVERSION = YES;
				CLANG_WARN_DEPRECATED_OBJC_IMPLEMENTATIONS = YES;
				CLANG_WARN_DIRECT_OBJC_ISA_USAGE = YES_ERROR;
				CLANG_WARN_DOCUMENTATION_COMMENTS = YES;
				CLANG_WARN_EMPTY_BODY = YES;
				CLANG_WARN_ENUM_CONVERSION = YES;
				CLANG_WARN_INFINITE_RECURSION = YES;
				CLANG_WARN_INT_CONVERSION = YES;
				CLANG_WARN_NON_LITERAL_NULL_CONVERSION = YES;
				CLANG_WARN_OBJC_IMPLICIT_RETAIN_SELF = YES;
				CLANG_WARN_OBJC_LITERAL_CONVERSION = YES;
				CLANG_WARN_OBJC_ROOT_CLASS = YES_ERROR;
				CLANG_WARN_RANGE_LOOP_ANALYSIS = YES;
				CLANG_WARN_STRICT_PROTOTYPES = YES;
				CLANG_WARN_SUSPICIOUS_MOVE = YES;
				CLANG_WARN_UNGUARDED_AVAILABILITY = YES_AGGRESSIVE;
				CLANG_WARN_UNREACHABLE_CODE = YES;
				CLANG_WARN__DUPLICATE_METHOD_MATCH = YES;
				COPY_PHASE_STRIP = NO;
				DEBUG_INFORMATION_FORMAT = "dwarf-with-dsym";
				ENABLE_NS_ASSERTIONS = NO;
				ENABLE_STRICT_OBJC_MSGSEND = YES;
				GCC_C_LANGUAGE_STANDARD = gnu11;
				GCC_NO_COMMON_BLOCKS = YES;
				GCC_WARN_64_TO_32_BIT_CONVERSION = YES;
				GCC_WARN_ABOUT_RETURN_TYPE = YES_ERROR;
				GCC_WARN_UNDECLARED_SELECTOR = YES;
				GCC_WARN_UNINITIALIZED_AUTOS = YES_AGGRESSIVE;
				GCC_WARN_UNUSED_FUNCTION = YES;
				GCC_WARN_UNUSED_VARIABLE = YES;
				IPHONEOS_DEPLOYMENT_TARGET = 13.5;
				MTL_ENABLE_DEBUG_INFO = NO;
				MTL_FAST_MATH = YES;
				SDKROOT = iphoneos;
				VALIDATE_PRODUCT = YES;
			};
			name = Release;
		};
		6C436B1F24BD582700F8714A /* Debug */ = {
			isa = XCBuildConfiguration;
			buildSettings = {
				ASSETCATALOG_COMPILER_APPICON_NAME = AppIcon;
				CODE_SIGN_STYLE = Automatic;
				INFOPLIST_FILE = "UIScrollView高级/Info.plist";
				LD_RUNPATH_SEARCH_PATHS = (
					"$(inherited)",
					"@executable_path/Frameworks",
				);
				PRODUCT_BUNDLE_IDENTIFIER = "fangtong.UIScrollView--";
				PRODUCT_NAME = "$(TARGET_NAME)";
				TARGETED_DEVICE_FAMILY = "1,2";
			};
			name = Debug;
		};
		6C436B2024BD582700F8714A /* Release */ = {
			isa = XCBuildConfiguration;
			buildSettings = {
				ASSETCATALOG_COMPILER_APPICON_NAME = AppIcon;
				CODE_SIGN_STYLE = Automatic;
				INFOPLIST_FILE = "UIScrollView高级/Info.plist";
				LD_RUNPATH_SEARCH_PATHS = (
					"$(inherited)",
					"@executable_path/Frameworks",
				);
				PRODUCT_BUNDLE_IDENTIFIER = "fangtong.UIScrollView--";
				PRODUCT_NAME = "$(TARGET_NAME)";
				TARGETED_DEVICE_FAMILY = "1,2";
			};
			name = Release;
		};
		6C436B2224BD582700F8714A /* Debug */ = {
			isa = XCBuildConfiguration;
			buildSettings = {
				BUNDLE_LOADER = "$(TEST_HOST)";
				CODE_SIGN_STYLE = Automatic;
				INFOPLIST_FILE = "UIScrollView高级Tests/Info.plist";
				IPHONEOS_DEPLOYMENT_TARGET = 13.5;
				LD_RUNPATH_SEARCH_PATHS = (
					"$(inherited)",
					"@executable_path/Frameworks",
					"@loader_path/Frameworks",
				);
				PRODUCT_BUNDLE_IDENTIFIER = "fangtong.UIScrollView--Tests";
				PRODUCT_NAME = "$(TARGET_NAME)";
				TARGETED_DEVICE_FAMILY = "1,2";
				TEST_HOST = "$(BUILT_PRODUCTS_DIR)/UIScrollView高级.app/UIScrollView高级";
			};
			name = Debug;
		};
		6C436B2324BD582700F8714A /* Release */ = {
			isa = XCBuildConfiguration;
			buildSettings = {
				BUNDLE_LOADER = "$(TEST_HOST)";
				CODE_SIGN_STYLE = Automatic;
				INFOPLIST_FILE = "UIScrollView高级Tests/Info.plist";
				IPHONEOS_DEPLOYMENT_TARGET = 13.5;
				LD_RUNPATH_SEARCH_PATHS = (
					"$(inherited)",
					"@executable_path/Frameworks",
					"@loader_path/Frameworks",
				);
				PRODUCT_BUNDLE_IDENTIFIER = "fangtong.UIScrollView--Tests";
				PRODUCT_NAME = "$(TARGET_NAME)";
				TARGETED_DEVICE_FAMILY = "1,2";
				TEST_HOST = "$(BUILT_PRODUCTS_DIR)/UIScrollView高级.app/UIScrollView高级";
			};
			name = Release;
		};
		6C436B2524BD582700F8714A /* Debug */ = {
			isa = XCBuildConfiguration;
			buildSettings = {
				CODE_SIGN_STYLE = Automatic;
				INFOPLIST_FILE = "UIScrollView高级UITests/Info.plist";
				LD_RUNPATH_SEARCH_PATHS = (
					"$(inherited)",
					"@executable_path/Frameworks",
					"@loader_path/Frameworks",
				);
				PRODUCT_BUNDLE_IDENTIFIER = "fangtong.UIScrollView--UITests";
				PRODUCT_NAME = "$(TARGET_NAME)";
				TARGETED_DEVICE_FAMILY = "1,2";
				TEST_TARGET_NAME = "UIScrollView高级";
			};
			name = Debug;
		};
		6C436B2624BD582700F8714A /* Release */ = {
			isa = XCBuildConfiguration;
			buildSettings = {
				CODE_SIGN_STYLE = Automatic;
				INFOPLIST_FILE = "UIScrollView高级UITests/Info.plist";
				LD_RUNPATH_SEARCH_PATHS = (
					"$(inherited)",
					"@executable_path/Frameworks",
					"@loader_path/Frameworks",
				);
				PRODUCT_BUNDLE_IDENTIFIER = "fangtong.UIScrollView--UITests";
				PRODUCT_NAME = "$(TARGET_NAME)";
				TARGETED_DEVICE_FAMILY = "1,2";
				TEST_TARGET_NAME = "UIScrollView高级";
			};
			name = Release;
		};
/* End XCBuildConfiguration section */

/* Begin XCConfigurationList section */
		6C436AEA24BD582500F8714A /* Build configuration list for PBXProject "UIScrollView高级" */ = {
			isa = XCConfigurationList;
			buildConfigurations = (
				6C436B1C24BD582700F8714A /* Debug */,
				6C436B1D24BD582700F8714A /* Release */,
			);
			defaultConfigurationIsVisible = 0;
			defaultConfigurationName = Release;
		};
		6C436B1E24BD582700F8714A /* Build configuration list for PBXNativeTarget "UIScrollView高级" */ = {
			isa = XCConfigurationList;
			buildConfigurations = (
				6C436B1F24BD582700F8714A /* Debug */,
				6C436B2024BD582700F8714A /* Release */,
			);
			defaultConfigurationIsVisible = 0;
			defaultConfigurationName = Release;
		};
		6C436B2124BD582700F8714A /* Build configuration list for PBXNativeTarget "UIScrollView高级Tests" */ = {
			isa = XCConfigurationList;
			buildConfigurations = (
				6C436B2224BD582700F8714A /* Debug */,
				6C436B2324BD582700F8714A /* Release */,
			);
			defaultConfigurationIsVisible = 0;
			defaultConfigurationName = Release;
		};
		6C436B2424BD582700F8714A /* Build configuration list for PBXNativeTarget "UIScrollView高级UITests" */ = {
			isa = XCConfigurationList;
			buildConfigurations = (
				6C436B2524BD582700F8714A /* Debug */,
				6C436B2624BD582700F8714A /* Release */,
			);
			defaultConfigurationIsVisible = 0;
			defaultConfigurationName = Release;
		};
/* End XCConfigurationList section */
	};
	rootObject = 6C436AE724BD582500F8714A /* Project object */;
}
