// !$*UTF8*$!
{
	archiveVersion = 1;
	classes = {
	};
	objectVersion = 50;
	objects = {

/* Begin PBXBuildFile section */
		6C1D44B124C0D9720003B699 /* AppDelegate.m in Sources */ = {isa = PBXBuildFile; fileRef = 6C1D44B024C0D9720003B699 /* AppDelegate.m */; };
		6C1D44B424C0D9720003B699 /* SceneDelegate.m in Sources */ = {isa = PBXBuildFile; fileRef = 6C1D44B324C0D9720003B699 /* SceneDelegate.m */; };
		6C1D44B724C0D9720003B699 /* ViewController.m in Sources */ = {isa = PBXBuildFile; fileRef = 6C1D44B624C0D9720003B699 /* ViewController.m */; };
		6C1D44BA24C0D9720003B699 /* Main.storyboard in Resources */ = {isa = PBXBuildFile; fileRef = 6C1D44B824C0D9720003B699 /* Main.storyboard */; };
		6C1D44BC24C0D9740003B699 /* Assets.xcassets in Resources */ = {isa = PBXBuildFile; fileRef = 6C1D44BB24C0D9740003B699 /* Assets.xcassets */; };
		6C1D44BF24C0D9740003B699 /* LaunchScreen.storyboard in Resources */ = {isa = PBXBuildFile; fileRef = 6C1D44BD24C0D9740003B699 /* LaunchScreen.storyboard */; };
		6C1D44C224C0D9740003B699 /* main.m in Sources */ = {isa = PBXBuildFile; fileRef = 6C1D44C124C0D9740003B699 /* main.m */; };
		6C1D44CC24C0D9740003B699 /* brTests.m in Sources */ = {isa = PBXBuildFile; fileRef = 6C1D44CB24C0D9740003B699 /* brTests.m */; };
		6C1D44D724C0D9740003B699 /* brUITests.m in Sources */ = {isa = PBXBuildFile; fileRef = 6C1D44D624C0D9740003B699 /* brUITests.m */; };
		6C1D44E624C0D9A90003B699 /* ZZTableViewCell.m in Sources */ = {isa = PBXBuildFile; fileRef = 6C1D44E524C0D9A90003B699 /* ZZTableViewCell.m */; };
		6C1D44E924C0DA9D0003B699 /* VCAccount.m in Sources */ = {isa = PBXBuildFile; fileRef = 6C1D44E824C0DA9D0003B699 /* VCAccount.m */; };
		6C1D44EC24C0DAB30003B699 /* VCFind.m in Sources */ = {isa = PBXBuildFile; fileRef = 6C1D44EB24C0DAB30003B699 /* VCFind.m */; };
		6C1D44EF24C0DAC30003B699 /* VCMine.m in Sources */ = {isa = PBXBuildFile; fileRef = 6C1D44EE24C0DAC30003B699 /* VCMine.m */; };
		6C1D44F224C0DBF30003B699 /* VCVideo.m in Sources */ = {isa = PBXBuildFile; fileRef = 6C1D44F124C0DBF30003B699 /* VCVideo.m */; };
/* End PBXBuildFile section */

/* Begin PBXContainerItemProxy section */
		6C1D44C824C0D9740003B699 /* PBXContainerItemProxy */ = {
			isa = PBXContainerItemProxy;
			containerPortal = 6C1D44A424C0D9720003B699 /* Project object */;
			proxyType = 1;
			remoteGlobalIDString = 6C1D44AB24C0D9720003B699;
			remoteInfo = br;
		};
		6C1D44D324C0D9740003B699 /* PBXContainerItemProxy */ = {
			isa = PBXContainerItemProxy;
			containerPortal = 6C1D44A424C0D9720003B699 /* Project object */;
			proxyType = 1;
			remoteGlobalIDString = 6C1D44AB24C0D9720003B699;
			remoteInfo = br;
		};
/* End PBXContainerItemProxy section */

/* Begin PBXFileReference section */
		6C1D44AC24C0D9720003B699 /* br.app */ = {isa = PBXFileReference; explicitFileType = wrapper.application; includeInIndex = 0; path = br.app; sourceTree = BUILT_PRODUCTS_DIR; };
		6C1D44AF24C0D9720003B699 /* AppDelegate.h */ = {isa = PBXFileReference; lastKnownFileType = sourcecode.c.h; path = AppDelegate.h; sourceTree = "<group>"; };
		6C1D44B024C0D9720003B699 /* AppDelegate.m */ = {isa = PBXFileReference; lastKnownFileType = sourcecode.c.objc; path = AppDelegate.m; sourceTree = "<group>"; };
		6C1D44B224C0D9720003B699 /* SceneDelegate.h */ = {isa = PBXFileReference; lastKnownFileType = sourcecode.c.h; path = SceneDelegate.h; sourceTree = "<group>"; };
		6C1D44B324C0D9720003B699 /* SceneDelegate.m */ = {isa = PBXFileReference; lastKnownFileType = sourcecode.c.objc; path = SceneDelegate.m; sourceTree = "<group>"; };
		6C1D44B524C0D9720003B699 /* ViewController.h */ = {isa = PBXFileReference; lastKnownFileType = sourcecode.c.h; path = ViewController.h; sourceTree = "<group>"; };
		6C1D44B624C0D9720003B699 /* ViewController.m */ = {isa = PBXFileReference; lastKnownFileType = sourcecode.c.objc; path = ViewController.m; sourceTree = "<group>"; };
		6C1D44B924C0D9720003B699 /* Base */ = {isa = PBXFileReference; lastKnownFileType = file.storyboard; name = Base; path = Base.lproj/Main.storyboard; sourceTree = "<group>"; };
		6C1D44BB24C0D9740003B699 /* Assets.xcassets */ = {isa = PBXFileReference; lastKnownFileType = folder.assetcatalog; path = Assets.xcassets; sourceTree = "<group>"; };
		6C1D44BE24C0D9740003B699 /* Base */ = {isa = PBXFileReference; lastKnownFileType = file.storyboard; name = Base; path = Base.lproj/LaunchScreen.storyboard; sourceTree = "<group>"; };
		6C1D44C024C0D9740003B699 /* Info.plist */ = {isa = PBXFileReference; lastKnownFileType = text.plist.xml; path = Info.plist; sourceTree = "<group>"; };
		6C1D44C124C0D9740003B699 /* main.m */ = {isa = PBXFileReference; lastKnownFileType = sourcecode.c.objc; path = main.m; sourceTree = "<group>"; };
		6C1D44C724C0D9740003B699 /* brTests.xctest */ = {isa = PBXFileReference; explicitFileType = wrapper.cfbundle; includeInIndex = 0; path = brTests.xctest; sourceTree = BUILT_PRODUCTS_DIR; };
		6C1D44CB24C0D9740003B699 /* brTests.m */ = {isa = PBXFileReference; lastKnownFileType = sourcecode.c.objc; path = brTests.m; sourceTree = "<group>"; };
		6C1D44CD24C0D9740003B699 /* Info.plist */ = {isa = PBXFileReference; lastKnownFileType = text.plist.xml; path = Info.plist; sourceTree = "<group>"; };
		6C1D44D224C0D9740003B699 /* brUITests.xctest */ = {isa = PBXFileReference; explicitFileType = wrapper.cfbundle; includeInIndex = 0; path = brUITests.xctest; sourceTree = BUILT_PRODUCTS_DIR; };
		6C1D44D624C0D9740003B699 /* brUITests.m */ = {isa = PBXFileReference; lastKnownFileType = sourcecode.c.objc; path = brUITests.m; sourceTree = "<group>"; };
		6C1D44D824C0D9740003B699 /* Info.plist */ = {isa = PBXFileReference; lastKnownFileType = text.plist.xml; path = Info.plist; sourceTree = "<group>"; };
		6C1D44E424C0D9A90003B699 /* ZZTableViewCell.h */ = {isa = PBXFileReference; lastKnownFileType = sourcecode.c.h; path = ZZTableViewCell.h; sourceTree = "<group>"; };
		6C1D44E524C0D9A90003B699 /* ZZTableViewCell.m */ = {isa = PBXFileReference; lastKnownFileType = sourcecode.c.objc; path = ZZTableViewCell.m; sourceTree = "<group>"; };
		6C1D44E724C0DA9D0003B699 /* VCAccount.h */ = {isa = PBXFileReference; lastKnownFileType = sourcecode.c.h; path = VCAccount.h; sourceTree = "<group>"; };
		6C1D44E824C0DA9D0003B699 /* VCAccount.m */ = {isa = PBXFileReference; lastKnownFileType = sourcecode.c.objc; path = VCAccount.m; sourceTree = "<group>"; };
		6C1D44EA24C0DAB30003B699 /* VCFind.h */ = {isa = PBXFileReference; lastKnownFileType = sourcecode.c.h; path = VCFind.h; sourceTree = "<group>"; };
		6C1D44EB24C0DAB30003B699 /* VCFind.m */ = {isa = PBXFileReference; lastKnownFileType = sourcecode.c.objc; path = VCFind.m; sourceTree = "<group>"; };
		6C1D44ED24C0DAC30003B699 /* VCMine.h */ = {isa = PBXFileReference; lastKnownFileType = sourcecode.c.h; path = VCMine.h; sourceTree = "<group>"; };
		6C1D44EE24C0DAC30003B699 /* VCMine.m */ = {isa = PBXFileReference; lastKnownFileType = sourcecode.c.objc; path = VCMine.m; sourceTree = "<group>"; };
		6C1D44F024C0DBF30003B699 /* VCVideo.h */ = {isa = PBXFileReference; lastKnownFileType = sourcecode.c.h; path = VCVideo.h; sourceTree = "<group>"; };
		6C1D44F124C0DBF30003B699 /* VCVideo.m */ = {isa = PBXFileReference; lastKnownFileType = sourcecode.c.objc; path = VCVideo.m; sourceTree = "<group>"; };
/* End PBXFileReference section */

/* Begin PBXFrameworksBuildPhase section */
		6C1D44A924C0D9720003B699 /* Frameworks */ = {
			isa = PBXFrameworksBuildPhase;
			buildActionMask = 2147483647;
			files = (
			);
			runOnlyForDeploymentPostprocessing = 0;
		};
		6C1D44C424C0D9740003B699 /* Frameworks */ = {
			isa = PBXFrameworksBuildPhase;
			buildActionMask = 2147483647;
			files = (
			);
			runOnlyForDeploymentPostprocessing = 0;
		};
		6C1D44CF24C0D9740003B699 /* Frameworks */ = {
			isa = PBXFrameworksBuildPhase;
			buildActionMask = 2147483647;
			files = (
			);
			runOnlyForDeploymentPostprocessing = 0;
		};
/* End PBXFrameworksBuildPhase section */

/* Begin PBXGroup section */
		6C1D44A324C0D9720003B699 = {
			isa = PBXGroup;
			children = (
				6C1D44AE24C0D9720003B699 /* br */,
				6C1D44CA24C0D9740003B699 /* brTests */,
				6C1D44D524C0D9740003B699 /* brUITests */,
				6C1D44AD24C0D9720003B699 /* Products */,
			);
			sourceTree = "<group>";
		};
		6C1D44AD24C0D9720003B699 /* Products */ = {
			isa = PBXGroup;
			children = (
				6C1D44AC24C0D9720003B699 /* br.app */,
				6C1D44C724C0D9740003B699 /* brTests.xctest */,
				6C1D44D224C0D9740003B699 /* brUITests.xctest */,
			);
			name = Products;
			sourceTree = "<group>";
		};
		6C1D44AE24C0D9720003B699 /* br */ = {
			isa = PBXGroup;
			children = (
				6C1D44AF24C0D9720003B699 /* AppDelegate.h */,
				6C1D44B024C0D9720003B699 /* AppDelegate.m */,
				6C1D44B224C0D9720003B699 /* SceneDelegate.h */,
				6C1D44B324C0D9720003B699 /* SceneDelegate.m */,
				6C1D44B524C0D9720003B699 /* ViewController.h */,
				6C1D44E724C0DA9D0003B699 /* VCAccount.h */,
				6C1D44E824C0DA9D0003B699 /* VCAccount.m */,
				6C1D44EA24C0DAB30003B699 /* VCFind.h */,
				6C1D44EB24C0DAB30003B699 /* VCFind.m */,
				6C1D44ED24C0DAC30003B699 /* VCMine.h */,
				6C1D44EE24C0DAC30003B699 /* VCMine.m */,
				6C1D44F024C0DBF30003B699 /* VCVideo.h */,
				6C1D44F124C0DBF30003B699 /* VCVideo.m */,
				6C1D44B624C0D9720003B699 /* ViewController.m */,
				6C1D44B824C0D9720003B699 /* Main.storyboard */,
				6C1D44E424C0D9A90003B699 /* ZZTableViewCell.h */,
				6C1D44E524C0D9A90003B699 /* ZZTableViewCell.m */,
				6C1D44BB24C0D9740003B699 /* Assets.xcassets */,
				6C1D44BD24C0D9740003B699 /* LaunchScreen.storyboard */,
				6C1D44C024C0D9740003B699 /* Info.plist */,
				6C1D44C124C0D9740003B699 /* main.m */,
			);
			path = br;
			sourceTree = "<group>";
		};
		6C1D44CA24C0D9740003B699 /* brTests */ = {
			isa = PBXGroup;
			children = (
				6C1D44CB24C0D9740003B699 /* brTests.m */,
				6C1D44CD24C0D9740003B699 /* Info.plist */,
			);
			path = brTests;
			sourceTree = "<group>";
		};
		6C1D44D524C0D9740003B699 /* brUITests */ = {
			isa = PBXGroup;
			children = (
				6C1D44D624C0D9740003B699 /* brUITests.m */,
				6C1D44D824C0D9740003B699 /* Info.plist */,
			);
			path = brUITests;
			sourceTree = "<group>";
		};
/* End PBXGroup section */

/* Begin PBXNativeTarget section */
		6C1D44AB24C0D9720003B699 /* br */ = {
			isa = PBXNativeTarget;
			buildConfigurationList = 6C1D44DB24C0D9740003B699 /* Build configuration list for PBXNativeTarget "br" */;
			buildPhases = (
				6C1D44A824C0D9720003B699 /* Sources */,
				6C1D44A924C0D9720003B699 /* Frameworks */,
				6C1D44AA24C0D9720003B699 /* Resources */,
			);
			buildRules = (
			);
			dependencies = (
			);
			name = br;
			productName = br;
			productReference = 6C1D44AC24C0D9720003B699 /* br.app */;
			productType = "com.apple.product-type.application";
		};
		6C1D44C624C0D9740003B699 /* brTests */ = {
			isa = PBXNativeTarget;
			buildConfigurationList = 6C1D44DE24C0D9740003B699 /* Build configuration list for PBXNativeTarget "brTests" */;
			buildPhases = (
				6C1D44C324C0D9740003B699 /* Sources */,
				6C1D44C424C0D9740003B699 /* Frameworks */,
				6C1D44C524C0D9740003B699 /* Resources */,
			);
			buildRules = (
			);
			dependencies = (
				6C1D44C924C0D9740003B699 /* PBXTargetDependency */,
			);
			name = brTests;
			productName = brTests;
			productReference = 6C1D44C724C0D9740003B699 /* brTests.xctest */;
			productType = "com.apple.product-type.bundle.unit-test";
		};
		6C1D44D124C0D9740003B699 /* brUITests */ = {
			isa = PBXNativeTarget;
			buildConfigurationList = 6C1D44E124C0D9740003B699 /* Build configuration list for PBXNativeTarget "brUITests" */;
			buildPhases = (
				6C1D44CE24C0D9740003B699 /* Sources */,
				6C1D44CF24C0D9740003B699 /* Frameworks */,
				6C1D44D024C0D9740003B699 /* Resources */,
			);
			buildRules = (
			);
			dependencies = (
				6C1D44D424C0D9740003B699 /* PBXTargetDependency */,
			);
			name = brUITests;
			productName = brUITests;
			productReference = 6C1D44D224C0D9740003B699 /* brUITests.xctest */;
			productType = "com.apple.product-type.bundle.ui-testing";
		};
/* End PBXNativeTarget section */

/* Begin PBXProject section */
		6C1D44A424C0D9720003B699 /* Project object */ = {
			isa = PBXProject;
			attributes = {
				LastUpgradeCheck = 1150;
				ORGANIZATIONNAME = "房彤";
				TargetAttributes = {
					6C1D44AB24C0D9720003B699 = {
						CreatedOnToolsVersion = 11.5;
					};
					6C1D44C624C0D9740003B699 = {
						CreatedOnToolsVersion = 11.5;
						TestTargetID = 6C1D44AB24C0D9720003B699;
					};
					6C1D44D124C0D9740003B699 = {
						CreatedOnToolsVersion = 11.5;
						TestTargetID = 6C1D44AB24C0D9720003B699;
					};
				};
			};
			buildConfigurationList = 6C1D44A724C0D9720003B699 /* Build configuration list for PBXProject "br" */;
			compatibilityVersion = "Xcode 9.3";
			developmentRegion = en;
			hasScannedForEncodings = 0;
			knownRegions = (
				en,
				Base,
			);
			mainGroup = 6C1D44A324C0D9720003B699;
			productRefGroup = 6C1D44AD24C0D9720003B699 /* Products */;
			projectDirPath = "";
			projectRoot = "";
			targets = (
				6C1D44AB24C0D9720003B699 /* br */,
				6C1D44C624C0D9740003B699 /* brTests */,
				6C1D44D124C0D9740003B699 /* brUITests */,
			);
		};
/* End PBXProject section */

/* Begin PBXResourcesBuildPhase section */
		6C1D44AA24C0D9720003B699 /* Resources */ = {
			isa = PBXResourcesBuildPhase;
			buildActionMask = 2147483647;
			files = (
				6C1D44BF24C0D9740003B699 /* LaunchScreen.storyboard in Resources */,
				6C1D44BC24C0D9740003B699 /* Assets.xcassets in Resources */,
				6C1D44BA24C0D9720003B699 /* Main.storyboard in Resources */,
			);
			runOnlyForDeploymentPostprocessing = 0;
		};
		6C1D44C524C0D9740003B699 /* Resources */ = {
			isa = PBXResourcesBuildPhase;
			buildActionMask = 2147483647;
			files = (
			);
			runOnlyForDeploymentPostprocessing = 0;
		};
		6C1D44D024C0D9740003B699 /* Resources */ = {
			isa = PBXResourcesBuildPhase;
			buildActionMask = 2147483647;
			files = (
			);
			runOnlyForDeploymentPostprocessing = 0;
		};
/* End PBXResourcesBuildPhase section */

/* Begin PBXSourcesBuildPhase section */
		6C1D44A824C0D9720003B699 /* Sources */ = {
			isa = PBXSourcesBuildPhase;
			buildActionMask = 2147483647;
			files = (
				6C1D44F224C0DBF30003B699 /* VCVideo.m in Sources */,
				6C1D44B724C0D9720003B699 /* ViewController.m in Sources */,
				6C1D44B124C0D9720003B699 /* AppDelegate.m in Sources */,
				6C1D44E924C0DA9D0003B699 /* VCAccount.m in Sources */,
				6C1D44E624C0D9A90003B699 /* ZZTableViewCell.m in Sources */,
				6C1D44C224C0D9740003B699 /* main.m in Sources */,
				6C1D44EF24C0DAC30003B699 /* VCMine.m in Sources */,
				6C1D44B424C0D9720003B699 /* SceneDelegate.m in Sources */,
				6C1D44EC24C0DAB30003B699 /* VCFind.m in Sources */,
			);
			runOnlyForDeploymentPostprocessing = 0;
		};
		6C1D44C324C0D9740003B699 /* Sources */ = {
			isa = PBXSourcesBuildPhase;
			buildActionMask = 2147483647;
			files = (
				6C1D44CC24C0D9740003B699 /* brTests.m in Sources */,
			);
			runOnlyForDeploymentPostprocessing = 0;
		};
		6C1D44CE24C0D9740003B699 /* Sources */ = {
			isa = PBXSourcesBuildPhase;
			buildActionMask = 2147483647;
			files = (
				6C1D44D724C0D9740003B699 /* brUITests.m in Sources */,
			);
			runOnlyForDeploymentPostprocessing = 0;
		};
/* End PBXSourcesBuildPhase section */

/* Begin PBXTargetDependency section */
		6C1D44C924C0D9740003B699 /* PBXTargetDependency */ = {
			isa = PBXTargetDependency;
			target = 6C1D44AB24C0D9720003B699 /* br */;
			targetProxy = 6C1D44C824C0D9740003B699 /* PBXContainerItemProxy */;
		};
		6C1D44D424C0D9740003B699 /* PBXTargetDependency */ = {
			isa = PBXTargetDependency;
			target = 6C1D44AB24C0D9720003B699 /* br */;
			targetProxy = 6C1D44D324C0D9740003B699 /* PBXContainerItemProxy */;
		};
/* End PBXTargetDependency section */

/* Begin PBXVariantGroup section */
		6C1D44B824C0D9720003B699 /* Main.storyboard */ = {
			isa = PBXVariantGroup;
			children = (
				6C1D44B924C0D9720003B699 /* Base */,
			);
			name = Main.storyboard;
			sourceTree = "<group>";
		};
		6C1D44BD24C0D9740003B699 /* LaunchScreen.storyboard */ = {
			isa = PBXVariantGroup;
			children = (
				6C1D44BE24C0D9740003B699 /* Base */,
			);
			name = LaunchScreen.storyboard;
			sourceTree = "<group>";
		};
/* End PBXVariantGroup section */

/* Begin XCBuildConfiguration section */
		6C1D44D924C0D9740003B699 /* Debug */ = {
			isa = XCBuildConfiguration;
			buildSettings = {
				ALWAYS_SEARCH_USER_PATHS = NO;
				CLANG_ANALYZER_NONNULL = YES;
				CLANG_ANALYZER_NUMBER_OBJECT_CONVERSION = YES_AGGRESSIVE;
				CLANG_CXX_LANGUAGE_STANDARD = "gnu++14";
				CLANG_CXX_LIBRARY = "libc++";
				CLANG_ENABLE_MODULES = YES;
				CLANG_ENABLE_OBJC_ARC = YES;
				CLANG_ENABLE_OBJC_WEAK = YES;
				CLANG_WARN_BLOCK_CAPTURE_AUTORELEASING = YES;
				CLANG_WARN_BOOL_CONVERSION = YES;
				CLANG_WARN_COMMA = YES;
				CLANG_WARN_CONSTANT_CONVERSION = YES;
				CLANG_WARN_DEPRECATED_OBJC_IMPLEMENTATIONS = YES;
				CLANG_WARN_DIRECT_OBJC_ISA_USAGE = YES_ERROR;
				CLANG_WARN_DOCUMENTATION_COMMENTS = YES;
				CLANG_WARN_EMPTY_BODY = YES;
				CLANG_WARN_ENUM_CONVERSION = YES;
				CLANG_WARN_INFINITE_RECURSION = YES;
				CLANG_WARN_INT_CONVERSION = YES;
				CLANG_WARN_NON_LITERAL_NULL_CONVERSION = YES;
				CLANG_WARN_OBJC_IMPLICIT_RETAIN_SELF = YES;
				CLANG_WARN_OBJC_LITERAL_CONVERSION = YES;
				CLANG_WARN_OBJC_ROOT_CLASS = YES_ERROR;
				CLANG_WARN_RANGE_LOOP_ANALYSIS = YES;
				CLANG_WARN_STRICT_PROTOTYPES = YES;
				CLANG_WARN_SUSPICIOUS_MOVE = YES;
				CLANG_WARN_UNGUARDED_AVAILABILITY = YES_AGGRESSIVE;
				CLANG_WARN_UNREACHABLE_CODE = YES;
				CLANG_WARN__DUPLICATE_METHOD_MATCH = YES;
				COPY_PHASE_STRIP = NO;
				DEBUG_INFORMATION_FORMAT = dwarf;
				ENABLE_STRICT_OBJC_MSGSEND = YES;
				ENABLE_TESTABILITY = YES;
				GCC_C_LANGUAGE_STANDARD = gnu11;
				GCC_DYNAMIC_NO_PIC = NO;
				GCC_NO_COMMON_BLOCKS = YES;
				GCC_OPTIMIZATION_LEVEL = 0;
				GCC_PREPROCESSOR_DEFINITIONS = (
					"DEBUG=1",
					"$(inherited)",
				);
				GCC_WARN_64_TO_32_BIT_CONVERSION = YES;
				GCC_WARN_ABOUT_RETURN_TYPE = YES_ERROR;
				GCC_WARN_UNDECLARED_SELECTOR = YES;
				GCC_WARN_UNINITIALIZED_AUTOS = YES_AGGRESSIVE;
				GCC_WARN_UNUSED_FUNCTION = YES;
				GCC_WARN_UNUSED_VARIABLE = YES;
				IPHONEOS_DEPLOYMENT_TARGET = 13.5;
				MTL_ENABLE_DEBUG_INFO = INCLUDE_SOURCE;
				MTL_FAST_MATH = YES;
				ONLY_ACTIVE_ARCH = YES;
				SDKROOT = iphoneos;
			};
			name = Debug;
		};
		6C1D44DA24C0D9740003B699 /* Release */ = {
			isa = XCBuildConfiguration;
			buildSettings = {
				ALWAYS_SEARCH_USER_PATHS = NO;
				CLANG_ANALYZER_NONNULL = YES;
				CLANG_ANALYZER_NUMBER_OBJECT_CONVERSION = YES_AGGRESSIVE;
				CLANG_CXX_LANGUAGE_STANDARD = "gnu++14";
				CLANG_CXX_LIBRARY = "libc++";
				CLANG_ENABLE_MODULES = YES;
				CLANG_ENABLE_OBJC_ARC = YES;
				CLANG_ENABLE_OBJC_WEAK = YES;
				CLANG_WARN_BLOCK_CAPTURE_AUTORELEASING = YES;
				CLANG_WARN_BOOL_CONVERSION = YES;
				CLANG_WARN_COMMA = YES;
				CLANG_WARN_CONSTANT_CONVERSION = YES;
				CLANG_WARN_DEPRECATED_OBJC_IMPLEMENTATIONS = YES;
				CLANG_WARN_DIRECT_OBJC_ISA_USAGE = YES_ERROR;
				CLANG_WARN_DOCUMENTATION_COMMENTS = YES;
				CLANG_WARN_EMPTY_BODY = YES;
				CLANG_WARN_ENUM_CONVERSION = YES;
				CLANG_WARN_INFINITE_RECURSION = YES;
				CLANG_WARN_INT_CONVERSION = YES;
				CLANG_WARN_NON_LITERAL_NULL_CONVERSION = YES;
				CLANG_WARN_OBJC_IMPLICIT_RETAIN_SELF = YES;
				CLANG_WARN_OBJC_LITERAL_CONVERSION = YES;
				CLANG_WARN_OBJC_ROOT_CLASS = YES_ERROR;
				CLANG_WARN_RANGE_LOOP_ANALYSIS = YES;
				CLANG_WARN_STRICT_PROTOTYPES = YES;
				CLANG_WARN_SUSPICIOUS_MOVE = YES;
				CLANG_WARN_UNGUARDED_AVAILABILITY = YES_AGGRESSIVE;
				CLANG_WARN_UNREACHABLE_CODE = YES;
				CLANG_WARN__DUPLICATE_METHOD_MATCH = YES;
				COPY_PHASE_STRIP = NO;
				DEBUG_INFORMATION_FORMAT = "dwarf-with-dsym";
				ENABLE_NS_ASSERTIONS = NO;
				ENABLE_STRICT_OBJC_MSGSEND = YES;
				GCC_C_LANGUAGE_STANDARD = gnu11;
				GCC_NO_COMMON_BLOCKS = YES;
				GCC_WARN_64_TO_32_BIT_CONVERSION = YES;
				GCC_WARN_ABOUT_RETURN_TYPE = YES_ERROR;
				GCC_WARN_UNDECLARED_SELECTOR = YES;
				GCC_WARN_UNINITIALIZED_AUTOS = YES_AGGRESSIVE;
				GCC_WARN_UNUSED_FUNCTION = YES;
				GCC_WARN_UNUSED_VARIABLE = YES;
				IPHONEOS_DEPLOYMENT_TARGET = 13.5;
				MTL_ENABLE_DEBUG_INFO = NO;
				MTL_FAST_MATH = YES;
				SDKROOT = iphoneos;
				VALIDATE_PRODUCT = YES;
			};
			name = Release;
		};
		6C1D44DC24C0D9740003B699 /* Debug */ = {
			isa = XCBuildConfiguration;
			buildSettings = {
				ASSETCATALOG_COMPILER_APPICON_NAME = AppIcon;
				CODE_SIGN_STYLE = Automatic;
				INFOPLIST_FILE = br/Info.plist;
				LD_RUNPATH_SEARCH_PATHS = (
					"$(inherited)",
					"@executable_path/Frameworks",
				);
				PRODUCT_BUNDLE_IDENTIFIER = fangtong.br;
				PRODUCT_NAME = "$(TARGET_NAME)";
				TARGETED_DEVICE_FAMILY = "1,2";
			};
			name = Debug;
		};
		6C1D44DD24C0D9740003B699 /* Release */ = {
			isa = XCBuildConfiguration;
			buildSettings = {
				ASSETCATALOG_COMPILER_APPICON_NAME = AppIcon;
				CODE_SIGN_STYLE = Automatic;
				INFOPLIST_FILE = br/Info.plist;
				LD_RUNPATH_SEARCH_PATHS = (
					"$(inherited)",
					"@executable_path/Frameworks",
				);
				PRODUCT_BUNDLE_IDENTIFIER = fangtong.br;
				PRODUCT_NAME = "$(TARGET_NAME)";
				TARGETED_DEVICE_FAMILY = "1,2";
			};
			name = Release;
		};
		6C1D44DF24C0D9740003B699 /* Debug */ = {
			isa = XCBuildConfiguration;
			buildSettings = {
				BUNDLE_LOADER = "$(TEST_HOST)";
				CODE_SIGN_STYLE = Automatic;
				INFOPLIST_FILE = brTests/Info.plist;
				IPHONEOS_DEPLOYMENT_TARGET = 13.5;
				LD_RUNPATH_SEARCH_PATHS = (
					"$(inherited)",
					"@executable_path/Frameworks",
					"@loader_path/Frameworks",
				);
				PRODUCT_BUNDLE_IDENTIFIER = fangtong.brTests;
				PRODUCT_NAME = "$(TARGET_NAME)";
				TARGETED_DEVICE_FAMILY = "1,2";
				TEST_HOST = "$(BUILT_PRODUCTS_DIR)/br.app/br";
			};
			name = Debug;
		};
		6C1D44E024C0D9740003B699 /* Release */ = {
			isa = XCBuildConfiguration;
			buildSettings = {
				BUNDLE_LOADER = "$(TEST_HOST)";
				CODE_SIGN_STYLE = Automatic;
				INFOPLIST_FILE = brTests/Info.plist;
				IPHONEOS_DEPLOYMENT_TARGET = 13.5;
				LD_RUNPATH_SEARCH_PATHS = (
					"$(inherited)",
					"@executable_path/Frameworks",
					"@loader_path/Frameworks",
				);
				PRODUCT_BUNDLE_IDENTIFIER = fangtong.brTests;
				PRODUCT_NAME = "$(TARGET_NAME)";
				TARGETED_DEVICE_FAMILY = "1,2";
				TEST_HOST = "$(BUILT_PRODUCTS_DIR)/br.app/br";
			};
			name = Release;
		};
		6C1D44E224C0D9740003B699 /* Debug */ = {
			isa = XCBuildConfiguration;
			buildSettings = {
				CODE_SIGN_STYLE = Automatic;
				INFOPLIST_FILE = brUITests/Info.plist;
				LD_RUNPATH_SEARCH_PATHS = (
					"$(inherited)",
					"@executable_path/Frameworks",
					"@loader_path/Frameworks",
				);
				PRODUCT_BUNDLE_IDENTIFIER = fangtong.brUITests;
				PRODUCT_NAME = "$(TARGET_NAME)";
				TARGETED_DEVICE_FAMILY = "1,2";
				TEST_TARGET_NAME = br;
			};
			name = Debug;
		};
		6C1D44E324C0D9740003B699 /* Release */ = {
			isa = XCBuildConfiguration;
			buildSettings = {
				CODE_SIGN_STYLE = Automatic;
				INFOPLIST_FILE = brUITests/Info.plist;
				LD_RUNPATH_SEARCH_PATHS = (
					"$(inherited)",
					"@executable_path/Frameworks",
					"@loader_path/Frameworks",
				);
				PRODUCT_BUNDLE_IDENTIFIER = fangtong.brUITests;
				PRODUCT_NAME = "$(TARGET_NAME)";
				TARGETED_DEVICE_FAMILY = "1,2";
				TEST_TARGET_NAME = br;
			};
			name = Release;
		};
/* End XCBuildConfiguration section */

/* Begin XCConfigurationList section */
		6C1D44A724C0D9720003B699 /* Build configuration list for PBXProject "br" */ = {
			isa = XCConfigurationList;
			buildConfigurations = (
				6C1D44D924C0D9740003B699 /* Debug */,
				6C1D44DA24C0D9740003B699 /* Release */,
			);
			defaultConfigurationIsVisible = 0;
			defaultConfigurationName = Release;
		};
		6C1D44DB24C0D9740003B699 /* Build configuration list for PBXNativeTarget "br" */ = {
			isa = XCConfigurationList;
			buildConfigurations = (
				6C1D44DC24C0D9740003B699 /* Debug */,
				6C1D44DD24C0D9740003B699 /* Release */,
			);
			defaultConfigurationIsVisible = 0;
			defaultConfigurationName = Release;
		};
		6C1D44DE24C0D9740003B699 /* Build configuration list for PBXNativeTarget "brTests" */ = {
			isa = XCConfigurationList;
			buildConfigurations = (
				6C1D44DF24C0D9740003B699 /* Debug */,
				6C1D44E024C0D9740003B699 /* Release */,
			);
			defaultConfigurationIsVisible = 0;
			defaultConfigurationName = Release;
		};
		6C1D44E124C0D9740003B699 /* Build configuration list for PBXNativeTarget "brUITests" */ = {
			isa = XCConfigurationList;
			buildConfigurations = (
				6C1D44E224C0D9740003B699 /* Debug */,
				6C1D44E324C0D9740003B699 /* Release */,
			);
			defaultConfigurationIsVisible = 0;
			defaultConfigurationName = Release;
		};
/* End XCConfigurationList section */
	};
	rootObject = 6C1D44A424C0D9720003B699 /* Project object */;
}
